
Microsoft Visual Studio Solution File, Format Version 12.00
# Visual Studio Version 16
VisualStudioVersion = 16.0.32002.261
MinimumVisualStudioVersion = 10.0.40219.1
Project("{FAE04EC0-301F-11D3-BF4B-00C04F79EFBC}") = "UOLandscapeTools", "UOLandscapeTools\UOLandscapeTools.csproj", "{599B738B-94BA-4532-8FC8-65FE8B71A405}"
EndProject
Global
	GlobalSection(SolutionConfigurationPlatforms) = preSolution
		Debug|Any CPU = Debug|Any CPU
		Release|Any CPU = Release|Any CPU
	EndGlobalSection
	GlobalSection(ProjectConfigurationPlatforms) = postSolution
		{599B738B-94BA-4532-8FC8-65FE8B71A405}.Debug|Any CPU.ActiveCfg = Debug|Any CPU
		{599B738B-94BA-4532-8FC8-65FE8B71A405}.Debug|Any CPU.Build.0 = Debug|Any CPU
		{599B738B-94BA-4532-8FC8-65FE8B71A405}.Release|Any CPU.ActiveCfg = Release|Any CPU
		{599B738B-94BA-4532-8FC8-65FE8B71A405}.Release|Any CPU.Build.0 = Release|Any CPU
	EndGlobalSection
	GlobalSection(SolutionProperties) = preSolution
		HideSolutionNode = FALSE
	EndGlobalSection
	GlobalSection(ExtensibilityGlobals) = postSolution
		SolutionGuid = {847CE249-6FD6-420B-9A8C-C011AA5456E2}
	EndGlobalSection
EndGlobal
